// !$*UTF8*$!
{
	archiveVersion = 1;
	classes = {
	};
	objectVersion = 56;
	objects = {

/* Begin PBXBuildFile section */
		F01711792A68D96300AC0B5E /* ColorsBootcamp.swift in Sources */ = {isa = PBXBuildFile; fileRef = F01711782A68D96300AC0B5E /* ColorsBootcamp.swift */; };
		F017117B2A68E0FD00AC0B5E /* IconsBootcamp.swift in Sources */ = {isa = PBXBuildFile; fileRef = F017117A2A68E0FD00AC0B5E /* IconsBootcamp.swift */; };
		F04C24E42A75DDF6004E6DB0 /* BackgroundBootcamp.swift in Sources */ = {isa = PBXBuildFile; fileRef = F04C24E32A75DDF6004E6DB0 /* BackgroundBootcamp.swift */; };
		F04C24E62A75F383004E6DB0 /* StacksBootcamp.swift in Sources */ = {isa = PBXBuildFile; fileRef = F04C24E52A75F383004E6DB0 /* StacksBootcamp.swift */; };
		F0555FE72A76DD8A005C465D /* PaddingBootcamp.swift in Sources */ = {isa = PBXBuildFile; fileRef = F0555FE62A76DD8A005C465D /* PaddingBootcamp.swift */; };
		F07A84312A85EB220082DFB0 /* ScrollViewBootCamp.swift in Sources */ = {isa = PBXBuildFile; fileRef = F07A84302A85EB220082DFB0 /* ScrollViewBootCamp.swift */; };
		F0A9FC3F2A6CA13C00F52005 /* ImageBootcamp.swift in Sources */ = {isa = PBXBuildFile; fileRef = F0A9FC3E2A6CA13C00F52005 /* ImageBootcamp.swift */; };
		F0C5469A2A6360BE00D2CA5B /* JustAStartApp.swift in Sources */ = {isa = PBXBuildFile; fileRef = F0C546992A6360BE00D2CA5B /* JustAStartApp.swift */; };
		F0C5469C2A6360BE00D2CA5B /* ContentView.swift in Sources */ = {isa = PBXBuildFile; fileRef = F0C5469B2A6360BE00D2CA5B /* ContentView.swift */; };
		F0C5469E2A6360BF00D2CA5B /* Assets.xcassets in Resources */ = {isa = PBXBuildFile; fileRef = F0C5469D2A6360BF00D2CA5B /* Assets.xcassets */; };
		F0C546A12A6360BF00D2CA5B /* Preview Assets.xcassets in Resources */ = {isa = PBXBuildFile; fileRef = F0C546A02A6360BF00D2CA5B /* Preview Assets.xcassets */; };
		F0C546A82A6361C900D2CA5B /* ShapesBootcamp.swift in Sources */ = {isa = PBXBuildFile; fileRef = F0C546A72A6361C900D2CA5B /* ShapesBootcamp.swift */; };
		F0F15CD42A873C2C0039DFAB /* SafeAreaBootcamp.swift in Sources */ = {isa = PBXBuildFile; fileRef = F0F15CD32A873C2C0039DFAB /* SafeAreaBootcamp.swift */; };
		F0F15CD62A87457B0039DFAB /* Buttons.swift in Sources */ = {isa = PBXBuildFile; fileRef = F0F15CD52A87457B0039DFAB /* Buttons.swift */; };
		F0F15CD82A87480C0039DFAB /* state.swift in Sources */ = {isa = PBXBuildFile; fileRef = F0F15CD72A87480C0039DFAB /* state.swift */; };
		F0F15CDA2A881B820039DFAB /* extractedfunctions.swift in Sources */ = {isa = PBXBuildFile; fileRef = F0F15CD92A881B820039DFAB /* extractedfunctions.swift */; };
		F0F9435B2A6DB8CE0053041B /* FrameBootcamp.swift in Sources */ = {isa = PBXBuildFile; fileRef = F0F9435A2A6DB8CE0053041B /* FrameBootcamp.swift */; };
/* End PBXBuildFile section */

/* Begin PBXFileReference section */
		F01711782A68D96300AC0B5E /* ColorsBootcamp.swift */ = {isa = PBXFileReference; lastKnownFileType = sourcecode.swift; path = ColorsBootcamp.swift; sourceTree = "<group>"; };
		F017117A2A68E0FD00AC0B5E /* IconsBootcamp.swift */ = {isa = PBXFileReference; lastKnownFileType = sourcecode.swift; path = IconsBootcamp.swift; sourceTree = "<group>"; };
		F04C24E32A75DDF6004E6DB0 /* BackgroundBootcamp.swift */ = {isa = PBXFileReference; lastKnownFileType = sourcecode.swift; path = BackgroundBootcamp.swift; sourceTree = "<group>"; };
		F04C24E52A75F383004E6DB0 /* StacksBootcamp.swift */ = {isa = PBXFileReference; lastKnownFileType = sourcecode.swift; path = StacksBootcamp.swift; sourceTree = "<group>"; };
		F0555FE62A76DD8A005C465D /* PaddingBootcamp.swift */ = {isa = PBXFileReference; lastKnownFileType = sourcecode.swift; path = PaddingBootcamp.swift; sourceTree = "<group>"; };
		F07A84302A85EB220082DFB0 /* ScrollViewBootCamp.swift */ = {isa = PBXFileReference; lastKnownFileType = sourcecode.swift; name = ScrollViewBootCamp.swift; path = ../../../../ScrollViewBootCamp.swift; sourceTree = "<group>"; };
		F0A9FC3E2A6CA13C00F52005 /* ImageBootcamp.swift */ = {isa = PBXFileReference; lastKnownFileType = sourcecode.swift; path = ImageBootcamp.swift; sourceTree = "<group>"; };
		F0C546962A6360BE00D2CA5B /* JustAStart.app */ = {isa = PBXFileReference; explicitFileType = wrapper.application; includeInIndex = 0; path = JustAStart.app; sourceTree = BUILT_PRODUCTS_DIR; };
		F0C546992A6360BE00D2CA5B /* JustAStartApp.swift */ = {isa = PBXFileReference; lastKnownFileType = sourcecode.swift; path = JustAStartApp.swift; sourceTree = "<group>"; };
		F0C5469B2A6360BE00D2CA5B /* ContentView.swift */ = {isa = PBXFileReference; lastKnownFileType = sourcecode.swift; path = ContentView.swift; sourceTree = "<group>"; };
		F0C5469D2A6360BF00D2CA5B /* Assets.xcassets */ = {isa = PBXFileReference; lastKnownFileType = folder.assetcatalog; path = Assets.xcassets; sourceTree = "<group>"; };
		F0C546A02A6360BF00D2CA5B /* Preview Assets.xcassets */ = {isa = PBXFileReference; lastKnownFileType = folder.assetcatalog; path = "Preview Assets.xcassets"; sourceTree = "<group>"; };
		F0C546A72A6361C900D2CA5B /* ShapesBootcamp.swift */ = {isa = PBXFileReference; lastKnownFileType = sourcecode.swift; path = ShapesBootcamp.swift; sourceTree = "<group>"; };
		F0F15CD32A873C2C0039DFAB /* SafeAreaBootcamp.swift */ = {isa = PBXFileReference; lastKnownFileType = sourcecode.swift; name = SafeAreaBootcamp.swift; path = ../../../../SafeAreaBootcamp.swift; sourceTree = "<group>"; };
		F0F15CD52A87457B0039DFAB /* Buttons.swift */ = {isa = PBXFileReference; lastKnownFileType = sourcecode.swift; name = Buttons.swift; path = ../../../../Buttons.swift; sourceTree = "<group>"; };
		F0F15CD72A87480C0039DFAB /* state.swift */ = {isa = PBXFileReference; lastKnownFileType = sourcecode.swift; name = state.swift; path = ../../../../state.swift; sourceTree = "<group>"; };
		F0F15CD92A881B820039DFAB /* extractedfunctions.swift */ = {isa = PBXFileReference; lastKnownFileType = sourcecode.swift; name = extractedfunctions.swift; path = ../../../../extractedfunctions.swift; sourceTree = "<group>"; };
		F0F9435A2A6DB8CE0053041B /* FrameBootcamp.swift */ = {isa = PBXFileReference; lastKnownFileType = sourcecode.swift; path = FrameBootcamp.swift; sourceTree = "<group>"; };
/* End PBXFileReference section */

/* Begin PBXFrameworksBuildPhase section */
		F0C546932A6360BE00D2CA5B /* Frameworks */ = {
			isa = PBXFrameworksBuildPhase;
			buildActionMask = 2147483647;
			files = (
			);
			runOnlyForDeploymentPostprocessing = 0;
		};
/* End PBXFrameworksBuildPhase section */

/* Begin PBXGroup section */
		F0C5468D2A6360BE00D2CA5B = {
			isa = PBXGroup;
			children = (
				F0C546982A6360BE00D2CA5B /* JustAStart */,
				F0C546972A6360BE00D2CA5B /* Products */,
			);
			sourceTree = "<group>";
		};
		F0C546972A6360BE00D2CA5B /* Products */ = {
			isa = PBXGroup;
			children = (
				F0C546962A6360BE00D2CA5B /* JustAStart.app */,
			);
			name = Products;
			sourceTree = "<group>";
		};
		F0C546982A6360BE00D2CA5B /* JustAStart */ = {
			isa = PBXGroup;
			children = (
				F01711782A68D96300AC0B5E /* ColorsBootcamp.swift */,
				F017117A2A68E0FD00AC0B5E /* IconsBootcamp.swift */,
				F0A9FC3E2A6CA13C00F52005 /* ImageBootcamp.swift */,
				F07A84302A85EB220082DFB0 /* ScrollViewBootCamp.swift */,
				F0F15CD52A87457B0039DFAB /* Buttons.swift */,
				F0F15CD32A873C2C0039DFAB /* SafeAreaBootcamp.swift */,
				F04C24E32A75DDF6004E6DB0 /* BackgroundBootcamp.swift */,
				F04C24E52A75F383004E6DB0 /* StacksBootcamp.swift */,
				F0555FE62A76DD8A005C465D /* PaddingBootcamp.swift */,
				F0F9435A2A6DB8CE0053041B /* FrameBootcamp.swift */,
				F0C546A72A6361C900D2CA5B /* ShapesBootcamp.swift */,
				F0F15CD92A881B820039DFAB /* extractedfunctions.swift */,
				F0C546992A6360BE00D2CA5B /* JustAStartApp.swift */,
				F0C5469B2A6360BE00D2CA5B /* ContentView.swift */,
				F0F15CD72A87480C0039DFAB /* state.swift */,
				F0C5469D2A6360BF00D2CA5B /* Assets.xcassets */,
				F0C5469F2A6360BF00D2CA5B /* Preview Content */,
			);
			path = JustAStart;
			sourceTree = "<group>";
		};
		F0C5469F2A6360BF00D2CA5B /* Preview Content */ = {
			isa = PBXGroup;
			children = (
				F0C546A02A6360BF00D2CA5B /* Preview Assets.xcassets */,
			);
			path = "Preview Content";
			sourceTree = "<group>";
		};
/* End PBXGroup section */

/* Begin PBXNativeTarget section */
		F0C546952A6360BE00D2CA5B /* JustAStart */ = {
			isa = PBXNativeTarget;
			buildConfigurationList = F0C546A42A6360BF00D2CA5B /* Build configuration list for PBXNativeTarget "JustAStart" */;
			buildPhases = (
				F0C546922A6360BE00D2CA5B /* Sources */,
				F0C546932A6360BE00D2CA5B /* Frameworks */,
				F0C546942A6360BE00D2CA5B /* Resources */,
			);
			buildRules = (
			);
			dependencies = (
			);
			name = JustAStart;
			productName = JustAStart;
			productReference = F0C546962A6360BE00D2CA5B /* JustAStart.app */;
			productType = "com.apple.product-type.application";
		};
/* End PBXNativeTarget section */

/* Begin PBXProject section */
		F0C5468E2A6360BE00D2CA5B /* Project object */ = {
			isa = PBXProject;
			attributes = {
				BuildIndependentTargetsInParallel = 1;
				LastSwiftUpdateCheck = 1430;
				LastUpgradeCheck = 1430;
				TargetAttributes = {
					F0C546952A6360BE00D2CA5B = {
						CreatedOnToolsVersion = 14.3.1;
					};
				};
			};
			buildConfigurationList = F0C546912A6360BE00D2CA5B /* Build configuration list for PBXProject "JustAStart" */;
			compatibilityVersion = "Xcode 14.0";
			developmentRegion = en;
			hasScannedForEncodings = 0;
			knownRegions = (
				en,
				Base,
			);
			mainGroup = F0C5468D2A6360BE00D2CA5B;
			productRefGroup = F0C546972A6360BE00D2CA5B /* Products */;
			projectDirPath = "";
			projectRoot = "";
			targets = (
				F0C546952A6360BE00D2CA5B /* JustAStart */,
			);
		};
/* End PBXProject section */

/* Begin PBXResourcesBuildPhase section */
		F0C546942A6360BE00D2CA5B /* Resources */ = {
			isa = PBXResourcesBuildPhase;
			buildActionMask = 2147483647;
			files = (
				F0C546A12A6360BF00D2CA5B /* Preview Assets.xcassets in Resources */,
				F0C5469E2A6360BF00D2CA5B /* Assets.xcassets in Resources */,
			);
			runOnlyForDeploymentPostprocessing = 0;
		};
/* End PBXResourcesBuildPhase section */

/* Begin PBXSourcesBuildPhase section */
		F0C546922A6360BE00D2CA5B /* Sources */ = {
			isa = PBXSourcesBuildPhase;
			buildActionMask = 2147483647;
			files = (
				F04C24E42A75DDF6004E6DB0 /* BackgroundBootcamp.swift in Sources */,
				F0F15CD82A87480C0039DFAB /* state.swift in Sources */,
				F0F9435B2A6DB8CE0053041B /* FrameBootcamp.swift in Sources */,
				F0F15CD42A873C2C0039DFAB /* SafeAreaBootcamp.swift in Sources */,
				F0F15CD62A87457B0039DFAB /* Buttons.swift in Sources */,
				F0555FE72A76DD8A005C465D /* PaddingBootcamp.swift in Sources */,
				F0C5469C2A6360BE00D2CA5B /* ContentView.swift in Sources */,
				F017117B2A68E0FD00AC0B5E /* IconsBootcamp.swift in Sources */,
				F0C546A82A6361C900D2CA5B /* ShapesBootcamp.swift in Sources */,
				F0F15CDA2A881B820039DFAB /* extractedfunctions.swift in Sources */,
				F07A84312A85EB220082DFB0 /* ScrollViewBootCamp.swift in Sources */,
				F01711792A68D96300AC0B5E /* ColorsBootcamp.swift in Sources */,
				F04C24E62A75F383004E6DB0 /* StacksBootcamp.swift in Sources */,
				F0A9FC3F2A6CA13C00F52005 /* ImageBootcamp.swift in Sources */,
				F0C5469A2A6360BE00D2CA5B /* JustAStartApp.swift in Sources */,
			);
			runOnlyForDeploymentPostprocessing = 0;
		};
/* End PBXSourcesBuildPhase section */

/* Begin XCBuildConfiguration section */
		F0C546A22A6360BF00D2CA5B /* Debug */ = {
			isa = XCBuildConfiguration;
			buildSettings = {
				ALWAYS_SEARCH_USER_PATHS = NO;
				CLANG_ANALYZER_NONNULL = YES;
				CLANG_ANALYZER_NUMBER_OBJECT_CONVERSION = YES_AGGRESSIVE;
				CLANG_CXX_LANGUAGE_STANDARD = "gnu++20";
				CLANG_ENABLE_MODULES = YES;
				CLANG_ENABLE_OBJC_ARC = YES;
				CLANG_ENABLE_OBJC_WEAK = YES;
				CLANG_WARN_BLOCK_CAPTURE_AUTORELEASING = YES;
				CLANG_WARN_BOOL_CONVERSION = YES;
				CLANG_WARN_COMMA = YES;
				CLANG_WARN_CONSTANT_CONVERSION = YES;
				CLANG_WARN_DEPRECATED_OBJC_IMPLEMENTATIONS = YES;
				CLANG_WARN_DIRECT_OBJC_ISA_USAGE = YES_ERROR;
				CLANG_WARN_DOCUMENTATION_COMMENTS = YES;
				CLANG_WARN_EMPTY_BODY = YES;
				CLANG_WARN_ENUM_CONVERSION = YES;
				CLANG_WARN_INFINITE_RECURSION = YES;
				CLANG_WARN_INT_CONVERSION = YES;
				CLANG_WARN_NON_LITERAL_NULL_CONVERSION = YES;
				CLANG_WARN_OBJC_IMPLICIT_RETAIN_SELF = YES;
				CLANG_WARN_OBJC_LITERAL_CONVERSION = YES;
				CLANG_WARN_OBJC_ROOT_CLASS = YES_ERROR;
				CLANG_WARN_QUOTED_INCLUDE_IN_FRAMEWORK_HEADER = YES;
				CLANG_WARN_RANGE_LOOP_ANALYSIS = YES;
				CLANG_WARN_STRICT_PROTOTYPES = YES;
				CLANG_WARN_SUSPICIOUS_MOVE = YES;
				CLANG_WARN_UNGUARDED_AVAILABILITY = YES_AGGRESSIVE;
				CLANG_WARN_UNREACHABLE_CODE = YES;
				CLANG_WARN__DUPLICATE_METHOD_MATCH = YES;
				COPY_PHASE_STRIP = NO;
				DEBUG_INFORMATION_FORMAT = dwarf;
				ENABLE_STRICT_OBJC_MSGSEND = YES;
				ENABLE_TESTABILITY = YES;
				GCC_C_LANGUAGE_STANDARD = gnu11;
				GCC_DYNAMIC_NO_PIC = NO;
				GCC_NO_COMMON_BLOCKS = YES;
				GCC_OPTIMIZATION_LEVEL = 0;
				GCC_PREPROCESSOR_DEFINITIONS = (
					"DEBUG=1",
					"$(inherited)",
				);
				GCC_WARN_64_TO_32_BIT_CONVERSION = YES;
				GCC_WARN_ABOUT_RETURN_TYPE = YES_ERROR;
				GCC_WARN_UNDECLARED_SELECTOR = YES;
				GCC_WARN_UNINITIALIZED_AUTOS = YES_AGGRESSIVE;
				GCC_WARN_UNUSED_FUNCTION = YES;
				GCC_WARN_UNUSED_VARIABLE = YES;
				IPHONEOS_DEPLOYMENT_TARGET = 16.4;
				MTL_ENABLE_DEBUG_INFO = INCLUDE_SOURCE;
				MTL_FAST_MATH = YES;
				ONLY_ACTIVE_ARCH = YES;
				SDKROOT = iphoneos;
				SWIFT_ACTIVE_COMPILATION_CONDITIONS = DEBUG;
				SWIFT_OPTIMIZATION_LEVEL = "-Onone";
			};
			name = Debug;
		};
		F0C546A32A6360BF00D2CA5B /* Release */ = {
			isa = XCBuildConfiguration;
			buildSettings = {
				ALWAYS_SEARCH_USER_PATHS = NO;
				CLANG_ANALYZER_NONNULL = YES;
				CLANG_ANALYZER_NUMBER_OBJECT_CONVERSION = YES_AGGRESSIVE;
				CLANG_CXX_LANGUAGE_STANDARD = "gnu++20";
				CLANG_ENABLE_MODULES = YES;
				CLANG_ENABLE_OBJC_ARC = YES;
				CLANG_ENABLE_OBJC_WEAK = YES;
				CLANG_WARN_BLOCK_CAPTURE_AUTORELEASING = YES;
				CLANG_WARN_BOOL_CONVERSION = YES;
				CLANG_WARN_COMMA = YES;
				CLANG_WARN_CONSTANT_CONVERSION = YES;
				CLANG_WARN_DEPRECATED_OBJC_IMPLEMENTATIONS = YES;
				CLANG_WARN_DIRECT_OBJC_ISA_USAGE = YES_ERROR;
				CLANG_WARN_DOCUMENTATION_COMMENTS = YES;
				CLANG_WARN_EMPTY_BODY = YES;
				CLANG_WARN_ENUM_CONVERSION = YES;
				CLANG_WARN_INFINITE_RECURSION = YES;
				CLANG_WARN_INT_CONVERSION = YES;
				CLANG_WARN_NON_LITERAL_NULL_CONVERSION = YES;
				CLANG_WARN_OBJC_IMPLICIT_RETAIN_SELF = YES;
				CLANG_WARN_OBJC_LITERAL_CONVERSION = YES;
				CLANG_WARN_OBJC_ROOT_CLASS = YES_ERROR;
				CLANG_WARN_QUOTED_INCLUDE_IN_FRAMEWORK_HEADER = YES;
				CLANG_WARN_RANGE_LOOP_ANALYSIS = YES;
				CLANG_WARN_STRICT_PROTOTYPES = YES;
				CLANG_WARN_SUSPICIOUS_MOVE = YES;
				CLANG_WARN_UNGUARDED_AVAILABILITY = YES_AGGRESSIVE;
				CLANG_WARN_UNREACHABLE_CODE = YES;
				CLANG_WARN__DUPLICATE_METHOD_MATCH = YES;
				COPY_PHASE_STRIP = NO;
				DEBUG_INFORMATION_FORMAT = "dwarf-with-dsym";
				ENABLE_NS_ASSERTIONS = NO;
				ENABLE_STRICT_OBJC_MSGSEND = YES;
				GCC_C_LANGUAGE_STANDARD = gnu11;
				GCC_NO_COMMON_BLOCKS = YES;
				GCC_WARN_64_TO_32_BIT_CONVERSION = YES;
				GCC_WARN_ABOUT_RETURN_TYPE = YES_ERROR;
				GCC_WARN_UNDECLARED_SELECTOR = YES;
				GCC_WARN_UNINITIALIZED_AUTOS = YES_AGGRESSIVE;
				GCC_WARN_UNUSED_FUNCTION = YES;
				GCC_WARN_UNUSED_VARIABLE = YES;
				IPHONEOS_DEPLOYMENT_TARGET = 16.4;
				MTL_ENABLE_DEBUG_INFO = NO;
				MTL_FAST_MATH = YES;
				SDKROOT = iphoneos;
				SWIFT_COMPILATION_MODE = wholemodule;
				SWIFT_OPTIMIZATION_LEVEL = "-O";
				VALIDATE_PRODUCT = YES;
			};
			name = Release;
		};
		F0C546A52A6360BF00D2CA5B /* Debug */ = {
			isa = XCBuildConfiguration;
			buildSettings = {
				ASSETCATALOG_COMPILER_APPICON_NAME = AppIcon;
				ASSETCATALOG_COMPILER_GLOBAL_ACCENT_COLOR_NAME = AccentColor;
				CODE_SIGN_STYLE = Automatic;
				CURRENT_PROJECT_VERSION = 1;
				DEVELOPMENT_ASSET_PATHS = "\"JustAStart/Preview Content\"";
				DEVELOPMENT_TEAM = RQ6LBXLJSN;
				ENABLE_PREVIEWS = YES;
				GENERATE_INFOPLIST_FILE = YES;
				INFOPLIST_KEY_UIApplicationSceneManifest_Generation = YES;
				INFOPLIST_KEY_UIApplicationSupportsIndirectInputEvents = YES;
				INFOPLIST_KEY_UILaunchScreen_Generation = YES;
				INFOPLIST_KEY_UISupportedInterfaceOrientations_iPad = "UIInterfaceOrientationPortrait UIInterfaceOrientationPortraitUpsideDown UIInterfaceOrientationLandscapeLeft UIInterfaceOrientationLandscapeRight";
				INFOPLIST_KEY_UISupportedInterfaceOrientations_iPhone = "UIInterfaceOrientationPortrait UIInterfaceOrientationLandscapeLeft UIInterfaceOrientationLandscapeRight";
				LD_RUNPATH_SEARCH_PATHS = (
					"$(inherited)",
					"@executable_path/Frameworks",
				);
				MARKETING_VERSION = 1.0;
				PRODUCT_BUNDLE_IDENTIFIER = Spectre.JustAStart;
				PRODUCT_NAME = "$(TARGET_NAME)";
				SWIFT_EMIT_LOC_STRINGS = YES;
				SWIFT_VERSION = 5.0;
				TARGETED_DEVICE_FAMILY = "1,2";
			};
			name = Debug;
		};
		F0C546A62A6360BF00D2CA5B /* Release */ = {
			isa = XCBuildConfiguration;
			buildSettings = {
				ASSETCATALOG_COMPILER_APPICON_NAME = AppIcon;
				ASSETCATALOG_COMPILER_GLOBAL_ACCENT_COLOR_NAME = AccentColor;
				CODE_SIGN_STYLE = Automatic;
				CURRENT_PROJECT_VERSION = 1;
				DEVELOPMENT_ASSET_PATHS = "\"JustAStart/Preview Content\"";
				DEVELOPMENT_TEAM = RQ6LBXLJSN;
				ENABLE_PREVIEWS = YES;
				GENERATE_INFOPLIST_FILE = YES;
				INFOPLIST_KEY_UIApplicationSceneManifest_Generation = YES;
				INFOPLIST_KEY_UIApplicationSupportsIndirectInputEvents = YES;
				INFOPLIST_KEY_UILaunchScreen_Generation = YES;
				INFOPLIST_KEY_UISupportedInterfaceOrientations_iPad = "UIInterfaceOrientationPortrait UIInterfaceOrientationPortraitUpsideDown UIInterfaceOrientationLandscapeLeft UIInterfaceOrientationLandscapeRight";
				INFOPLIST_KEY_UISupportedInterfaceOrientations_iPhone = "UIInterfaceOrientationPortrait UIInterfaceOrientationLandscapeLeft UIInterfaceOrientationLandscapeRight";
				LD_RUNPATH_SEARCH_PATHS = (
					"$(inherited)",
					"@executable_path/Frameworks",
				);
				MARKETING_VERSION = 1.0;
				PRODUCT_BUNDLE_IDENTIFIER = Spectre.JustAStart;
				PRODUCT_NAME = "$(TARGET_NAME)";
				SWIFT_EMIT_LOC_STRINGS = YES;
				SWIFT_VERSION = 5.0;
				TARGETED_DEVICE_FAMILY = "1,2";
			};
			name = Release;
		};
/* End XCBuildConfiguration section */

/* Begin XCConfigurationList section */
		F0C546912A6360BE00D2CA5B /* Build configuration list for PBXProject "JustAStart" */ = {
			isa = XCConfigurationList;
			buildConfigurations = (
				F0C546A22A6360BF00D2CA5B /* Debug */,
				F0C546A32A6360BF00D2CA5B /* Release */,
			);
			defaultConfigurationIsVisible = 0;
			defaultConfigurationName = Release;
		};
		F0C546A42A6360BF00D2CA5B /* Build configuration list for PBXNativeTarget "JustAStart" */ = {
			isa = XCConfigurationList;
			buildConfigurations = (
				F0C546A52A6360BF00D2CA5B /* Debug */,
				F0C546A62A6360BF00D2CA5B /* Release */,
			);
			defaultConfigurationIsVisible = 0;
			defaultConfigurationName = Release;
		};
/* End XCConfigurationList section */
	};
	rootObject = F0C5468E2A6360BE00D2CA5B /* Project object */;
}
